// !$*UTF8*$!
{
	archiveVersion = 1;
	classes = {
	};
	objectVersion = 46;
	objects = {

/* Begin PBXBuildFile section */
		FA6960F11ACDFE6900BC7D6D /* main.m in Sources */ = {isa = PBXBuildFile; fileRef = FA6960F01ACDFE6900BC7D6D /* main.m */; };
		FA6960F41ACDFE6900BC7D6D /* AppDelegate.m in Sources */ = {isa = PBXBuildFile; fileRef = FA6960F31ACDFE6900BC7D6D /* AppDelegate.m */; };
		FA6960FA1ACDFE6900BC7D6D /* Main.storyboard in Resources */ = {isa = PBXBuildFile; fileRef = FA6960F81ACDFE6900BC7D6D /* Main.storyboard */; };
		FA6960FC1ACDFE6900BC7D6D /* Images.xcassets in Resources */ = {isa = PBXBuildFile; fileRef = FA6960FB1ACDFE6900BC7D6D /* Images.xcassets */; };
		FA6960FF1ACDFE6900BC7D6D /* LaunchScreen.xib in Resources */ = {isa = PBXBuildFile; fileRef = FA6960FD1ACDFE6900BC7D6D /* LaunchScreen.xib */; };
		FA69610B1ACDFE6900BC7D6D /* RibbitTests.m in Sources */ = {isa = PBXBuildFile; fileRef = FA69610A1ACDFE6900BC7D6D /* RibbitTests.m */; };
		FA6961161ACE0FC500BC7D6D /* InboxTableViewController.m in Sources */ = {isa = PBXBuildFile; fileRef = FA6961151ACE0FC500BC7D6D /* InboxTableViewController.m */; };
		FA69611D1ACE3AAD00BC7D6D /* Bolts.framework in Frameworks */ = {isa = PBXBuildFile; fileRef = FA6961171ACE3AAD00BC7D6D /* Bolts.framework */; };
		FA69611E1ACE3AAD00BC7D6D /* Parse.framework in Frameworks */ = {isa = PBXBuildFile; fileRef = FA6961181ACE3AAD00BC7D6D /* Parse.framework */; };
		FA69611F1ACE3AAD00BC7D6D /* ParseCrashReporting.framework in Frameworks */ = {isa = PBXBuildFile; fileRef = FA6961191ACE3AAD00BC7D6D /* ParseCrashReporting.framework */; };
		FA6961201ACE3AAD00BC7D6D /* ParseFacebookUtils.framework in Frameworks */ = {isa = PBXBuildFile; fileRef = FA69611A1ACE3AAD00BC7D6D /* ParseFacebookUtils.framework */; };
		FA6961211ACE3AAD00BC7D6D /* ParseFacebookUtilsV4.framework in Frameworks */ = {isa = PBXBuildFile; fileRef = FA69611B1ACE3AAD00BC7D6D /* ParseFacebookUtilsV4.framework */; };
		FA6961221ACE3AAD00BC7D6D /* ParseUI.framework in Frameworks */ = {isa = PBXBuildFile; fileRef = FA69611C1ACE3AAD00BC7D6D /* ParseUI.framework */; };
		FA6961251ACE3B5400BC7D6D /* AudioToolbox.framework in Frameworks */ = {isa = PBXBuildFile; fileRef = FA6961241ACE3B5400BC7D6D /* AudioToolbox.framework */; };
		FA6961271ACE3B5F00BC7D6D /* CFNetwork.framework in Frameworks */ = {isa = PBXBuildFile; fileRef = FA6961261ACE3B5F00BC7D6D /* CFNetwork.framework */; };
		FA6961291ACE3B6800BC7D6D /* CoreGraphics.framework in Frameworks */ = {isa = PBXBuildFile; fileRef = FA6961281ACE3B6800BC7D6D /* CoreGraphics.framework */; };
		FA69612B1ACE3B9500BC7D6D /* CoreLocation.framework in Frameworks */ = {isa = PBXBuildFile; fileRef = FA69612A1ACE3B9500BC7D6D /* CoreLocation.framework */; };
		FA69612D1ACE3BA600BC7D6D /* MobileCoreServices.framework in Frameworks */ = {isa = PBXBuildFile; fileRef = FA69612C1ACE3BA600BC7D6D /* MobileCoreServices.framework */; };
		FA69612F1ACE3BAF00BC7D6D /* QuartzCore.framework in Frameworks */ = {isa = PBXBuildFile; fileRef = FA69612E1ACE3BAF00BC7D6D /* QuartzCore.framework */; };
		FA6961311ACE3BBA00BC7D6D /* Security.framework in Frameworks */ = {isa = PBXBuildFile; fileRef = FA6961301ACE3BBA00BC7D6D /* Security.framework */; };
		FA6961331ACE3BC200BC7D6D /* StoreKit.framework in Frameworks */ = {isa = PBXBuildFile; fileRef = FA6961321ACE3BC200BC7D6D /* StoreKit.framework */; };
		FA6961351ACE3BD200BC7D6D /* SystemConfiguration.framework in Frameworks */ = {isa = PBXBuildFile; fileRef = FA6961341ACE3BD200BC7D6D /* SystemConfiguration.framework */; };
		FA6961371ACE3BDF00BC7D6D /* libz.dylib in Frameworks */ = {isa = PBXBuildFile; fileRef = FA6961361ACE3BDF00BC7D6D /* libz.dylib */; };
		FA6961391ACE3BED00BC7D6D /* libsqlite3.dylib in Frameworks */ = {isa = PBXBuildFile; fileRef = FA6961381ACE3BED00BC7D6D /* libsqlite3.dylib */; };
		FA69613C1ACE403500BC7D6D /* SignInViewController.m in Sources */ = {isa = PBXBuildFile; fileRef = FA69613B1ACE403500BC7D6D /* SignInViewController.m */; };
		FA69613F1ACE406A00BC7D6D /* SignUpViewController.m in Sources */ = {isa = PBXBuildFile; fileRef = FA69613E1ACE406A00BC7D6D /* SignUpViewController.m */; };
		FA6961421ACF0D9400BC7D6D /* EditFriendsTableViewController.m in Sources */ = {isa = PBXBuildFile; fileRef = FA6961411ACF0D9400BC7D6D /* EditFriendsTableViewController.m */; };
		FA6961451ACF1BDB00BC7D6D /* FriendsTableViewController.m in Sources */ = {isa = PBXBuildFile; fileRef = FA6961441ACF1BDB00BC7D6D /* FriendsTableViewController.m */; };
		FA6961481ACF387F00BC7D6D /* CameraViewController.m in Sources */ = {isa = PBXBuildFile; fileRef = FA6961471ACF387F00BC7D6D /* CameraViewController.m */; };
		FACFB16A1ACF6DCB0000CBE1 /* ImageViewController.m in Sources */ = {isa = PBXBuildFile; fileRef = FACFB1691ACF6DCB0000CBE1 /* ImageViewController.m */; };
		FACFB16C1ACF79000000CBE1 /* MediaPlayer.framework in Frameworks */ = {isa = PBXBuildFile; fileRef = FACFB16B1ACF79000000CBE1 /* MediaPlayer.framework */; };
		FACFB16E1ACF7A490000CBE1 /* AVFoundation.framework in Frameworks */ = {isa = PBXBuildFile; fileRef = FACFB16D1ACF7A490000CBE1 /* AVFoundation.framework */; };
		FACFB1701AD2ED4F0000CBE1 /* HockeySDK.framework in Frameworks */ = {isa = PBXBuildFile; fileRef = FACFB16F1AD2ED4F0000CBE1 /* HockeySDK.framework */; };
		FACFB1721AD2ED720000CBE1 /* AssetsLibrary.framework in Frameworks */ = {isa = PBXBuildFile; fileRef = FACFB1711AD2ED720000CBE1 /* AssetsLibrary.framework */; };
		FACFB1741AD2ED890000CBE1 /* CoreText.framework in Frameworks */ = {isa = PBXBuildFile; fileRef = FACFB1731AD2ED890000CBE1 /* CoreText.framework */; };
		FACFB1761AD2EDCE0000CBE1 /* QuickLook.framework in Frameworks */ = {isa = PBXBuildFile; fileRef = FACFB1751AD2EDCE0000CBE1 /* QuickLook.framework */; };
		FACFB1781AD2FDBD0000CBE1 /* Keys.plist in Resources */ = {isa = PBXBuildFile; fileRef = FACFB1771AD2FDBD0000CBE1 /* Keys.plist */; };
/* End PBXBuildFile section */

/* Begin PBXContainerItemProxy section */
		FA6961051ACDFE6900BC7D6D /* PBXContainerItemProxy */ = {
			isa = PBXContainerItemProxy;
			containerPortal = FA6960E31ACDFE6900BC7D6D /* Project object */;
			proxyType = 1;
			remoteGlobalIDString = FA6960EA1ACDFE6900BC7D6D;
			remoteInfo = Ribbit;
		};
/* End PBXContainerItemProxy section */

/* Begin PBXFileReference section */
		FA6960EB1ACDFE6900BC7D6D /* Ribbit.app */ = {isa = PBXFileReference; explicitFileType = wrapper.application; includeInIndex = 0; path = Ribbit.app; sourceTree = BUILT_PRODUCTS_DIR; };
		FA6960EF1ACDFE6900BC7D6D /* Info.plist */ = {isa = PBXFileReference; lastKnownFileType = text.plist.xml; path = Info.plist; sourceTree = "<group>"; };
		FA6960F01ACDFE6900BC7D6D /* main.m */ = {isa = PBXFileReference; lastKnownFileType = sourcecode.c.objc; path = main.m; sourceTree = "<group>"; };
		FA6960F21ACDFE6900BC7D6D /* AppDelegate.h */ = {isa = PBXFileReference; lastKnownFileType = sourcecode.c.h; path = AppDelegate.h; sourceTree = "<group>"; };
		FA6960F31ACDFE6900BC7D6D /* AppDelegate.m */ = {isa = PBXFileReference; lastKnownFileType = sourcecode.c.objc; path = AppDelegate.m; sourceTree = "<group>"; };
		FA6960F91ACDFE6900BC7D6D /* Base */ = {isa = PBXFileReference; lastKnownFileType = file.storyboard; name = Base; path = Base.lproj/Main.storyboard; sourceTree = "<group>"; };
		FA6960FB1ACDFE6900BC7D6D /* Images.xcassets */ = {isa = PBXFileReference; lastKnownFileType = folder.assetcatalog; path = Images.xcassets; sourceTree = "<group>"; };
		FA6960FE1ACDFE6900BC7D6D /* Base */ = {isa = PBXFileReference; lastKnownFileType = file.xib; name = Base; path = Base.lproj/LaunchScreen.xib; sourceTree = "<group>"; };
		FA6961041ACDFE6900BC7D6D /* RibbitTests.xctest */ = {isa = PBXFileReference; explicitFileType = wrapper.cfbundle; includeInIndex = 0; path = RibbitTests.xctest; sourceTree = BUILT_PRODUCTS_DIR; };
		FA6961091ACDFE6900BC7D6D /* Info.plist */ = {isa = PBXFileReference; lastKnownFileType = text.plist.xml; path = Info.plist; sourceTree = "<group>"; };
		FA69610A1ACDFE6900BC7D6D /* RibbitTests.m */ = {isa = PBXFileReference; lastKnownFileType = sourcecode.c.objc; path = RibbitTests.m; sourceTree = "<group>"; };
		FA6961141ACE0FC500BC7D6D /* InboxTableViewController.h */ = {isa = PBXFileReference; fileEncoding = 4; lastKnownFileType = sourcecode.c.h; name = InboxTableViewController.h; path = ../InboxTableViewController.h; sourceTree = "<group>"; };
		FA6961151ACE0FC500BC7D6D /* InboxTableViewController.m */ = {isa = PBXFileReference; fileEncoding = 4; lastKnownFileType = sourcecode.c.objc; name = InboxTableViewController.m; path = ../InboxTableViewController.m; sourceTree = "<group>"; };
		FA6961171ACE3AAD00BC7D6D /* Bolts.framework */ = {isa = PBXFileReference; lastKnownFileType = wrapper.framework; name = Bolts.framework; path = Ribbit/Bolts.framework; sourceTree = "<group>"; };
		FA6961181ACE3AAD00BC7D6D /* Parse.framework */ = {isa = PBXFileReference; lastKnownFileType = wrapper.framework; name = Parse.framework; path = Ribbit/Parse.framework; sourceTree = "<group>"; };
		FA6961191ACE3AAD00BC7D6D /* ParseCrashReporting.framework */ = {isa = PBXFileReference; lastKnownFileType = wrapper.framework; name = ParseCrashReporting.framework; path = Ribbit/ParseCrashReporting.framework; sourceTree = "<group>"; };
		FA69611A1ACE3AAD00BC7D6D /* ParseFacebookUtils.framework */ = {isa = PBXFileReference; lastKnownFileType = wrapper.framework; name = ParseFacebookUtils.framework; path = Ribbit/ParseFacebookUtils.framework; sourceTree = "<group>"; };
		FA69611B1ACE3AAD00BC7D6D /* ParseFacebookUtilsV4.framework */ = {isa = PBXFileReference; lastKnownFileType = wrapper.framework; name = ParseFacebookUtilsV4.framework; path = Ribbit/ParseFacebookUtilsV4.framework; sourceTree = "<group>"; };
		FA69611C1ACE3AAD00BC7D6D /* ParseUI.framework */ = {isa = PBXFileReference; lastKnownFileType = wrapper.framework; name = ParseUI.framework; path = Ribbit/ParseUI.framework; sourceTree = "<group>"; };
		FA6961241ACE3B5400BC7D6D /* AudioToolbox.framework */ = {isa = PBXFileReference; lastKnownFileType = wrapper.framework; name = AudioToolbox.framework; path = System/Library/Frameworks/AudioToolbox.framework; sourceTree = SDKROOT; };
		FA6961261ACE3B5F00BC7D6D /* CFNetwork.framework */ = {isa = PBXFileReference; lastKnownFileType = wrapper.framework; name = CFNetwork.framework; path = System/Library/Frameworks/CFNetwork.framework; sourceTree = SDKROOT; };
		FA6961281ACE3B6800BC7D6D /* CoreGraphics.framework */ = {isa = PBXFileReference; lastKnownFileType = wrapper.framework; name = CoreGraphics.framework; path = System/Library/Frameworks/CoreGraphics.framework; sourceTree = SDKROOT; };
		FA69612A1ACE3B9500BC7D6D /* CoreLocation.framework */ = {isa = PBXFileReference; lastKnownFileType = wrapper.framework; name = CoreLocation.framework; path = System/Library/Frameworks/CoreLocation.framework; sourceTree = SDKROOT; };
		FA69612C1ACE3BA600BC7D6D /* MobileCoreServices.framework */ = {isa = PBXFileReference; lastKnownFileType = wrapper.framework; name = MobileCoreServices.framework; path = System/Library/Frameworks/MobileCoreServices.framework; sourceTree = SDKROOT; };
		FA69612E1ACE3BAF00BC7D6D /* QuartzCore.framework */ = {isa = PBXFileReference; lastKnownFileType = wrapper.framework; name = QuartzCore.framework; path = System/Library/Frameworks/QuartzCore.framework; sourceTree = SDKROOT; };
		FA6961301ACE3BBA00BC7D6D /* Security.framework */ = {isa = PBXFileReference; lastKnownFileType = wrapper.framework; name = Security.framework; path = System/Library/Frameworks/Security.framework; sourceTree = SDKROOT; };
		FA6961321ACE3BC200BC7D6D /* StoreKit.framework */ = {isa = PBXFileReference; lastKnownFileType = wrapper.framework; name = StoreKit.framework; path = System/Library/Frameworks/StoreKit.framework; sourceTree = SDKROOT; };
		FA6961341ACE3BD200BC7D6D /* SystemConfiguration.framework */ = {isa = PBXFileReference; lastKnownFileType = wrapper.framework; name = SystemConfiguration.framework; path = System/Library/Frameworks/SystemConfiguration.framework; sourceTree = SDKROOT; };
		FA6961361ACE3BDF00BC7D6D /* libz.dylib */ = {isa = PBXFileReference; lastKnownFileType = "compiled.mach-o.dylib"; name = libz.dylib; path = usr/lib/libz.dylib; sourceTree = SDKROOT; };
		FA6961381ACE3BED00BC7D6D /* libsqlite3.dylib */ = {isa = PBXFileReference; lastKnownFileType = "compiled.mach-o.dylib"; name = libsqlite3.dylib; path = usr/lib/libsqlite3.dylib; sourceTree = SDKROOT; };
		FA69613A1ACE403500BC7D6D /* SignInViewController.h */ = {isa = PBXFileReference; fileEncoding = 4; lastKnownFileType = sourcecode.c.h; path = SignInViewController.h; sourceTree = "<group>"; };
		FA69613B1ACE403500BC7D6D /* SignInViewController.m */ = {isa = PBXFileReference; fileEncoding = 4; lastKnownFileType = sourcecode.c.objc; path = SignInViewController.m; sourceTree = "<group>"; };
		FA69613D1ACE406A00BC7D6D /* SignUpViewController.h */ = {isa = PBXFileReference; fileEncoding = 4; lastKnownFileType = sourcecode.c.h; path = SignUpViewController.h; sourceTree = "<group>"; };
		FA69613E1ACE406A00BC7D6D /* SignUpViewController.m */ = {isa = PBXFileReference; fileEncoding = 4; lastKnownFileType = sourcecode.c.objc; path = SignUpViewController.m; sourceTree = "<group>"; };
		FA6961401ACF0D9400BC7D6D /* EditFriendsTableViewController.h */ = {isa = PBXFileReference; fileEncoding = 4; lastKnownFileType = sourcecode.c.h; path = EditFriendsTableViewController.h; sourceTree = "<group>"; };
		FA6961411ACF0D9400BC7D6D /* EditFriendsTableViewController.m */ = {isa = PBXFileReference; fileEncoding = 4; lastKnownFileType = sourcecode.c.objc; path = EditFriendsTableViewController.m; sourceTree = "<group>"; };
		FA6961431ACF1BDB00BC7D6D /* FriendsTableViewController.h */ = {isa = PBXFileReference; fileEncoding = 4; lastKnownFileType = sourcecode.c.h; path = FriendsTableViewController.h; sourceTree = "<group>"; };
		FA6961441ACF1BDB00BC7D6D /* FriendsTableViewController.m */ = {isa = PBXFileReference; fileEncoding = 4; lastKnownFileType = sourcecode.c.objc; path = FriendsTableViewController.m; sourceTree = "<group>"; };
		FA6961461ACF387F00BC7D6D /* CameraViewController.h */ = {isa = PBXFileReference; fileEncoding = 4; lastKnownFileType = sourcecode.c.h; path = CameraViewController.h; sourceTree = "<group>"; };
		FA6961471ACF387F00BC7D6D /* CameraViewController.m */ = {isa = PBXFileReference; fileEncoding = 4; lastKnownFileType = sourcecode.c.objc; path = CameraViewController.m; sourceTree = "<group>"; };
		FACFB1681ACF6DCB0000CBE1 /* ImageViewController.h */ = {isa = PBXFileReference; fileEncoding = 4; lastKnownFileType = sourcecode.c.h; path = ImageViewController.h; sourceTree = "<group>"; };
		FACFB1691ACF6DCB0000CBE1 /* ImageViewController.m */ = {isa = PBXFileReference; fileEncoding = 4; lastKnownFileType = sourcecode.c.objc; path = ImageViewController.m; sourceTree = "<group>"; };
		FACFB16B1ACF79000000CBE1 /* MediaPlayer.framework */ = {isa = PBXFileReference; lastKnownFileType = wrapper.framework; name = MediaPlayer.framework; path = System/Library/Frameworks/MediaPlayer.framework; sourceTree = SDKROOT; };
		FACFB16D1ACF7A490000CBE1 /* AVFoundation.framework */ = {isa = PBXFileReference; lastKnownFileType = wrapper.framework; name = AVFoundation.framework; path = System/Library/Frameworks/AVFoundation.framework; sourceTree = SDKROOT; };
		FACFB16F1AD2ED4F0000CBE1 /* HockeySDK.framework */ = {isa = PBXFileReference; lastKnownFileType = wrapper.framework; name = HockeySDK.framework; path = "Ribbit/HockeySDK-iOS/HockeySDK.embeddedframework/HockeySDK.framework"; sourceTree = "<group>"; };
		FACFB1711AD2ED720000CBE1 /* AssetsLibrary.framework */ = {isa = PBXFileReference; lastKnownFileType = wrapper.framework; name = AssetsLibrary.framework; path = System/Library/Frameworks/AssetsLibrary.framework; sourceTree = SDKROOT; };
		FACFB1731AD2ED890000CBE1 /* CoreText.framework */ = {isa = PBXFileReference; lastKnownFileType = wrapper.framework; name = CoreText.framework; path = System/Library/Frameworks/CoreText.framework; sourceTree = SDKROOT; };
		FACFB1751AD2EDCE0000CBE1 /* QuickLook.framework */ = {isa = PBXFileReference; lastKnownFileType = wrapper.framework; name = QuickLook.framework; path = System/Library/Frameworks/QuickLook.framework; sourceTree = SDKROOT; };
		FACFB1771AD2FDBD0000CBE1 /* Keys.plist */ = {isa = PBXFileReference; fileEncoding = 4; lastKnownFileType = text.plist.xml; path = Keys.plist; sourceTree = "<group>"; };
/* End PBXFileReference section */

/* Begin PBXFrameworksBuildPhase section */
		FA6960E81ACDFE6900BC7D6D /* Frameworks */ = {
			isa = PBXFrameworksBuildPhase;
			buildActionMask = 2147483647;
			files = (
				FACFB1761AD2EDCE0000CBE1 /* QuickLook.framework in Frameworks */,
				FACFB1741AD2ED890000CBE1 /* CoreText.framework in Frameworks */,
				FACFB1721AD2ED720000CBE1 /* AssetsLibrary.framework in Frameworks */,
				FACFB16E1ACF7A490000CBE1 /* AVFoundation.framework in Frameworks */,
				FACFB16C1ACF79000000CBE1 /* MediaPlayer.framework in Frameworks */,
				FA6961391ACE3BED00BC7D6D /* libsqlite3.dylib in Frameworks */,
				FA6961371ACE3BDF00BC7D6D /* libz.dylib in Frameworks */,
				FA6961351ACE3BD200BC7D6D /* SystemConfiguration.framework in Frameworks */,
				FA6961331ACE3BC200BC7D6D /* StoreKit.framework in Frameworks */,
				FA6961311ACE3BBA00BC7D6D /* Security.framework in Frameworks */,
				FA69612F1ACE3BAF00BC7D6D /* QuartzCore.framework in Frameworks */,
				FACFB1701AD2ED4F0000CBE1 /* HockeySDK.framework in Frameworks */,
				FA69612D1ACE3BA600BC7D6D /* MobileCoreServices.framework in Frameworks */,
				FA69612B1ACE3B9500BC7D6D /* CoreLocation.framework in Frameworks */,
				FA6961291ACE3B6800BC7D6D /* CoreGraphics.framework in Frameworks */,
				FA6961271ACE3B5F00BC7D6D /* CFNetwork.framework in Frameworks */,
				FA6961251ACE3B5400BC7D6D /* AudioToolbox.framework in Frameworks */,
				FA6961221ACE3AAD00BC7D6D /* ParseUI.framework in Frameworks */,
				FA69611E1ACE3AAD00BC7D6D /* Parse.framework in Frameworks */,
				FA69611F1ACE3AAD00BC7D6D /* ParseCrashReporting.framework in Frameworks */,
				FA6961201ACE3AAD00BC7D6D /* ParseFacebookUtils.framework in Frameworks */,
				FA69611D1ACE3AAD00BC7D6D /* Bolts.framework in Frameworks */,
				FA6961211ACE3AAD00BC7D6D /* ParseFacebookUtilsV4.framework in Frameworks */,
			);
			runOnlyForDeploymentPostprocessing = 0;
		};
		FA6961011ACDFE6900BC7D6D /* Frameworks */ = {
			isa = PBXFrameworksBuildPhase;
			buildActionMask = 2147483647;
			files = (
			);
			runOnlyForDeploymentPostprocessing = 0;
		};
/* End PBXFrameworksBuildPhase section */

/* Begin PBXGroup section */
		FA6960E21ACDFE6900BC7D6D = {
			isa = PBXGroup;
			children = (
				FACFB1751AD2EDCE0000CBE1 /* QuickLook.framework */,
				FACFB1731AD2ED890000CBE1 /* CoreText.framework */,
				FACFB1711AD2ED720000CBE1 /* AssetsLibrary.framework */,
				FACFB16F1AD2ED4F0000CBE1 /* HockeySDK.framework */,
				FACFB16D1ACF7A490000CBE1 /* AVFoundation.framework */,
				FACFB16B1ACF79000000CBE1 /* MediaPlayer.framework */,
				FA6961381ACE3BED00BC7D6D /* libsqlite3.dylib */,
				FA6961361ACE3BDF00BC7D6D /* libz.dylib */,
				FA6961171ACE3AAD00BC7D6D /* Bolts.framework */,
				FA6961181ACE3AAD00BC7D6D /* Parse.framework */,
				FA6961191ACE3AAD00BC7D6D /* ParseCrashReporting.framework */,
				FA69611A1ACE3AAD00BC7D6D /* ParseFacebookUtils.framework */,
				FA69611B1ACE3AAD00BC7D6D /* ParseFacebookUtilsV4.framework */,
				FA69611C1ACE3AAD00BC7D6D /* ParseUI.framework */,
				FA6961341ACE3BD200BC7D6D /* SystemConfiguration.framework */,
				FA6961321ACE3BC200BC7D6D /* StoreKit.framework */,
				FA6961301ACE3BBA00BC7D6D /* Security.framework */,
				FA69612E1ACE3BAF00BC7D6D /* QuartzCore.framework */,
				FA69612C1ACE3BA600BC7D6D /* MobileCoreServices.framework */,
				FA69612A1ACE3B9500BC7D6D /* CoreLocation.framework */,
				FA6961281ACE3B6800BC7D6D /* CoreGraphics.framework */,
				FA6961261ACE3B5F00BC7D6D /* CFNetwork.framework */,
				FA6961241ACE3B5400BC7D6D /* AudioToolbox.framework */,
				FA6960ED1ACDFE6900BC7D6D /* Ribbit */,
				FA6961071ACDFE6900BC7D6D /* RibbitTests */,
				FA6960EC1ACDFE6900BC7D6D /* Products */,
			);
			sourceTree = "<group>";
		};
		FA6960EC1ACDFE6900BC7D6D /* Products */ = {
			isa = PBXGroup;
			children = (
				FA6960EB1ACDFE6900BC7D6D /* Ribbit.app */,
				FA6961041ACDFE6900BC7D6D /* RibbitTests.xctest */,
			);
			name = Products;
			sourceTree = "<group>";
		};
		FA6960ED1ACDFE6900BC7D6D /* Ribbit */ = {
			isa = PBXGroup;
			children = (
				FA6960F21ACDFE6900BC7D6D /* AppDelegate.h */,
				FA6960F31ACDFE6900BC7D6D /* AppDelegate.m */,
				FA6961141ACE0FC500BC7D6D /* InboxTableViewController.h */,
				FA6961151ACE0FC500BC7D6D /* InboxTableViewController.m */,
				FA69613A1ACE403500BC7D6D /* SignInViewController.h */,
				FA69613B1ACE403500BC7D6D /* SignInViewController.m */,
				FA69613D1ACE406A00BC7D6D /* SignUpViewController.h */,
				FA69613E1ACE406A00BC7D6D /* SignUpViewController.m */,
				FA6961431ACF1BDB00BC7D6D /* FriendsTableViewController.h */,
				FA6961441ACF1BDB00BC7D6D /* FriendsTableViewController.m */,
				FA6961401ACF0D9400BC7D6D /* EditFriendsTableViewController.h */,
				FA6961411ACF0D9400BC7D6D /* EditFriendsTableViewController.m */,
				FA6961461ACF387F00BC7D6D /* CameraViewController.h */,
				FA6961471ACF387F00BC7D6D /* CameraViewController.m */,
				FACFB1681ACF6DCB0000CBE1 /* ImageViewController.h */,
				FACFB1691ACF6DCB0000CBE1 /* ImageViewController.m */,
				FA6960F81ACDFE6900BC7D6D /* Main.storyboard */,
				FA6960FB1ACDFE6900BC7D6D /* Images.xcassets */,
				FA6960FD1ACDFE6900BC7D6D /* LaunchScreen.xib */,
				FA6960EE1ACDFE6900BC7D6D /* Supporting Files */,
				FACFB1771AD2FDBD0000CBE1 /* Keys.plist */,
			);
			path = Ribbit;
			sourceTree = "<group>";
		};
		FA6960EE1ACDFE6900BC7D6D /* Supporting Files */ = {
			isa = PBXGroup;
			children = (
				FA6960EF1ACDFE6900BC7D6D /* Info.plist */,
				FA6960F01ACDFE6900BC7D6D /* main.m */,
			);
			name = "Supporting Files";
			sourceTree = "<group>";
		};
		FA6961071ACDFE6900BC7D6D /* RibbitTests */ = {
			isa = PBXGroup;
			children = (
				FA69610A1ACDFE6900BC7D6D /* RibbitTests.m */,
				FA6961081ACDFE6900BC7D6D /* Supporting Files */,
			);
			path = RibbitTests;
			sourceTree = "<group>";
		};
		FA6961081ACDFE6900BC7D6D /* Supporting Files */ = {
			isa = PBXGroup;
			children = (
				FA6961091ACDFE6900BC7D6D /* Info.plist */,
			);
			name = "Supporting Files";
			sourceTree = "<group>";
		};
/* End PBXGroup section */

/* Begin PBXNativeTarget section */
		FA6960EA1ACDFE6900BC7D6D /* Ribbit */ = {
			isa = PBXNativeTarget;
			buildConfigurationList = FA69610E1ACDFE6900BC7D6D /* Build configuration list for PBXNativeTarget "Ribbit" */;
			buildPhases = (
				FA6960E71ACDFE6900BC7D6D /* Sources */,
				FA6960E81ACDFE6900BC7D6D /* Frameworks */,
				FA6960E91ACDFE6900BC7D6D /* Resources */,
			);
			buildRules = (
			);
			dependencies = (
			);
			name = Ribbit;
			productName = Ribbit;
			productReference = FA6960EB1ACDFE6900BC7D6D /* Ribbit.app */;
			productType = "com.apple.product-type.application";
		};
		FA6961031ACDFE6900BC7D6D /* RibbitTests */ = {
			isa = PBXNativeTarget;
			buildConfigurationList = FA6961111ACDFE6900BC7D6D /* Build configuration list for PBXNativeTarget "RibbitTests" */;
			buildPhases = (
				FA6961001ACDFE6900BC7D6D /* Sources */,
				FA6961011ACDFE6900BC7D6D /* Frameworks */,
				FA6961021ACDFE6900BC7D6D /* Resources */,
			);
			buildRules = (
			);
			dependencies = (
				FA6961061ACDFE6900BC7D6D /* PBXTargetDependency */,
			);
			name = RibbitTests;
			productName = RibbitTests;
			productReference = FA6961041ACDFE6900BC7D6D /* RibbitTests.xctest */;
			productType = "com.apple.product-type.bundle.unit-test";
		};
/* End PBXNativeTarget section */

/* Begin PBXProject section */
		FA6960E31ACDFE6900BC7D6D /* Project object */ = {
			isa = PBXProject;
			attributes = {
				LastUpgradeCheck = 0610;
				ORGANIZATIONNAME = "Ambreen Hasan";
				TargetAttributes = {
					FA6960EA1ACDFE6900BC7D6D = {
						CreatedOnToolsVersion = 6.1.1;
					};
					FA6961031ACDFE6900BC7D6D = {
						CreatedOnToolsVersion = 6.1.1;
						TestTargetID = FA6960EA1ACDFE6900BC7D6D;
					};
				};
			};
			buildConfigurationList = FA6960E61ACDFE6900BC7D6D /* Build configuration list for PBXProject "Ribbit" */;
			compatibilityVersion = "Xcode 3.2";
			developmentRegion = English;
			hasScannedForEncodings = 0;
			knownRegions = (
				en,
				Base,
			);
			mainGroup = FA6960E21ACDFE6900BC7D6D;
			productRefGroup = FA6960EC1ACDFE6900BC7D6D /* Products */;
			projectDirPath = "";
			projectRoot = "";
			targets = (
				FA6960EA1ACDFE6900BC7D6D /* Ribbit */,
				FA6961031ACDFE6900BC7D6D /* RibbitTests */,
			);
		};
/* End PBXProject section */

/* Begin PBXResourcesBuildPhase section */
		FA6960E91ACDFE6900BC7D6D /* Resources */ = {
			isa = PBXResourcesBuildPhase;
			buildActionMask = 2147483647;
			files = (
				FACFB1781AD2FDBD0000CBE1 /* Keys.plist in Resources */,
				FA6960FA1ACDFE6900BC7D6D /* Main.storyboard in Resources */,
				FA6960FF1ACDFE6900BC7D6D /* LaunchScreen.xib in Resources */,
				FA6960FC1ACDFE6900BC7D6D /* Images.xcassets in Resources */,
			);
			runOnlyForDeploymentPostprocessing = 0;
		};
		FA6961021ACDFE6900BC7D6D /* Resources */ = {
			isa = PBXResourcesBuildPhase;
			buildActionMask = 2147483647;
			files = (
			);
			runOnlyForDeploymentPostprocessing = 0;
		};
/* End PBXResourcesBuildPhase section */

/* Begin PBXSourcesBuildPhase section */
		FA6960E71ACDFE6900BC7D6D /* Sources */ = {
			isa = PBXSourcesBuildPhase;
			buildActionMask = 2147483647;
			files = (
				FA69613C1ACE403500BC7D6D /* SignInViewController.m in Sources */,
				FA6961481ACF387F00BC7D6D /* CameraViewController.m in Sources */,
				FA69613F1ACE406A00BC7D6D /* SignUpViewController.m in Sources */,
				FA6961421ACF0D9400BC7D6D /* EditFriendsTableViewController.m in Sources */,
				FA6961161ACE0FC500BC7D6D /* InboxTableViewController.m in Sources */,
				FA6960F41ACDFE6900BC7D6D /* AppDelegate.m in Sources */,
				FACFB16A1ACF6DCB0000CBE1 /* ImageViewController.m in Sources */,
				FA6961451ACF1BDB00BC7D6D /* FriendsTableViewController.m in Sources */,
				FA6960F11ACDFE6900BC7D6D /* main.m in Sources */,
			);
			runOnlyForDeploymentPostprocessing = 0;
		};
		FA6961001ACDFE6900BC7D6D /* Sources */ = {
			isa = PBXSourcesBuildPhase;
			buildActionMask = 2147483647;
			files = (
				FA69610B1ACDFE6900BC7D6D /* RibbitTests.m in Sources */,
			);
			runOnlyForDeploymentPostprocessing = 0;
		};
/* End PBXSourcesBuildPhase section */

/* Begin PBXTargetDependency section */
		FA6961061ACDFE6900BC7D6D /* PBXTargetDependency */ = {
			isa = PBXTargetDependency;
			target = FA6960EA1ACDFE6900BC7D6D /* Ribbit */;
			targetProxy = FA6961051ACDFE6900BC7D6D /* PBXContainerItemProxy */;
		};
/* End PBXTargetDependency section */

/* Begin PBXVariantGroup section */
		FA6960F81ACDFE6900BC7D6D /* Main.storyboard */ = {
			isa = PBXVariantGroup;
			children = (
				FA6960F91ACDFE6900BC7D6D /* Base */,
			);
			name = Main.storyboard;
			sourceTree = "<group>";
		};
		FA6960FD1ACDFE6900BC7D6D /* LaunchScreen.xib */ = {
			isa = PBXVariantGroup;
			children = (
				FA6960FE1ACDFE6900BC7D6D /* Base */,
			);
			name = LaunchScreen.xib;
			sourceTree = "<group>";
		};
/* End PBXVariantGroup section */

/* Begin XCBuildConfiguration section */
		FA69610C1ACDFE6900BC7D6D /* Debug */ = {
			isa = XCBuildConfiguration;
			buildSettings = {
				ALWAYS_SEARCH_USER_PATHS = NO;
				CLANG_CXX_LANGUAGE_STANDARD = "gnu++0x";
				CLANG_CXX_LIBRARY = "libc++";
				CLANG_ENABLE_MODULES = YES;
				CLANG_ENABLE_OBJC_ARC = YES;
				CLANG_WARN_BOOL_CONVERSION = YES;
				CLANG_WARN_CONSTANT_CONVERSION = YES;
				CLANG_WARN_DIRECT_OBJC_ISA_USAGE = YES_ERROR;
				CLANG_WARN_EMPTY_BODY = YES;
				CLANG_WARN_ENUM_CONVERSION = YES;
				CLANG_WARN_INT_CONVERSION = YES;
				CLANG_WARN_OBJC_ROOT_CLASS = YES_ERROR;
				CLANG_WARN_UNREACHABLE_CODE = YES;
				CLANG_WARN__DUPLICATE_METHOD_MATCH = YES;
				"CODE_SIGN_IDENTITY[sdk=iphoneos*]" = "iPhone Developer";
				COPY_PHASE_STRIP = NO;
				ENABLE_STRICT_OBJC_MSGSEND = YES;
				GCC_C_LANGUAGE_STANDARD = gnu99;
				GCC_DYNAMIC_NO_PIC = NO;
				GCC_OPTIMIZATION_LEVEL = 0;
				GCC_PREPROCESSOR_DEFINITIONS = (
					"DEBUG=1",
					"$(inherited)",
				);
				GCC_SYMBOLS_PRIVATE_EXTERN = NO;
				GCC_WARN_64_TO_32_BIT_CONVERSION = YES;
				GCC_WARN_ABOUT_RETURN_TYPE = YES_ERROR;
				GCC_WARN_UNDECLARED_SELECTOR = YES;
				GCC_WARN_UNINITIALIZED_AUTOS = YES_AGGRESSIVE;
				GCC_WARN_UNUSED_FUNCTION = YES;
				GCC_WARN_UNUSED_VARIABLE = YES;
				IPHONEOS_DEPLOYMENT_TARGET = 8.1;
				MTL_ENABLE_DEBUG_INFO = YES;
				ONLY_ACTIVE_ARCH = YES;
				SDKROOT = iphoneos;
			};
			name = Debug;
		};
		FA69610D1ACDFE6900BC7D6D /* Release */ = {
			isa = XCBuildConfiguration;
			buildSettings = {
				ALWAYS_SEARCH_USER_PATHS = NO;
				CLANG_CXX_LANGUAGE_STANDARD = "gnu++0x";
				CLANG_CXX_LIBRARY = "libc++";
				CLANG_ENABLE_MODULES = YES;
				CLANG_ENABLE_OBJC_ARC = YES;
				CLANG_WARN_BOOL_CONVERSION = YES;
				CLANG_WARN_CONSTANT_CONVERSION = YES;
				CLANG_WARN_DIRECT_OBJC_ISA_USAGE = YES_ERROR;
				CLANG_WARN_EMPTY_BODY = YES;
				CLANG_WARN_ENUM_CONVERSION = YES;
				CLANG_WARN_INT_CONVERSION = YES;
				CLANG_WARN_OBJC_ROOT_CLASS = YES_ERROR;
				CLANG_WARN_UNREACHABLE_CODE = YES;
				CLANG_WARN__DUPLICATE_METHOD_MATCH = YES;
				"CODE_SIGN_IDENTITY[sdk=iphoneos*]" = "iPhone Developer";
				COPY_PHASE_STRIP = YES;
				ENABLE_NS_ASSERTIONS = NO;
				ENABLE_STRICT_OBJC_MSGSEND = YES;
				GCC_C_LANGUAGE_STANDARD = gnu99;
				GCC_WARN_64_TO_32_BIT_CONVERSION = YES;
				GCC_WARN_ABOUT_RETURN_TYPE = YES_ERROR;
				GCC_WARN_UNDECLARED_SELECTOR = YES;
				GCC_WARN_UNINITIALIZED_AUTOS = YES_AGGRESSIVE;
				GCC_WARN_UNUSED_FUNCTION = YES;
				GCC_WARN_UNUSED_VARIABLE = YES;
				IPHONEOS_DEPLOYMENT_TARGET = 8.1;
				MTL_ENABLE_DEBUG_INFO = NO;
				SDKROOT = iphoneos;
				VALIDATE_PRODUCT = YES;
			};
			name = Release;
		};
		FA69610F1ACDFE6900BC7D6D /* Debug */ = {
			isa = XCBuildConfiguration;
			buildSettings = {
				ASSETCATALOG_COMPILER_APPICON_NAME = AppIcon;
				FRAMEWORK_SEARCH_PATHS = (
					"$(inherited)",
					"$(PROJECT_DIR)/Ribbit",
					"$(PROJECT_DIR)/Ribbit/HockeySDK-iOS/HockeySDK.embeddedframework",
				);
				INFOPLIST_FILE = Ribbit/Info.plist;
				LD_RUNPATH_SEARCH_PATHS = "$(inherited) @executable_path/Frameworks";
				PRODUCT_NAME = "$(TARGET_NAME)";
			};
			name = Debug;
		};
		FA6961101ACDFE6900BC7D6D /* Release */ = {
			isa = XCBuildConfiguration;
			buildSettings = {
				ASSETCATALOG_COMPILER_APPICON_NAME = AppIcon;
				FRAMEWORK_SEARCH_PATHS = (
					"$(inherited)",
					"$(PROJECT_DIR)/Ribbit",
					"$(PROJECT_DIR)/Ribbit/HockeySDK-iOS/HockeySDK.embeddedframework",
				);
				INFOPLIST_FILE = Ribbit/Info.plist;
				LD_RUNPATH_SEARCH_PATHS = "$(inherited) @executable_path/Frameworks";
				PRODUCT_NAME = "$(TARGET_NAME)";
			};
			name = Release;
		};
		FA6961121ACDFE6900BC7D6D /* Debug */ = {
			isa = XCBuildConfiguration;
			buildSettings = {
				BUNDLE_LOADER = "$(TEST_HOST)";
				FRAMEWORK_SEARCH_PATHS = (
					"$(SDKROOT)/Developer/Library/Frameworks",
					"$(inherited)",
				);
				GCC_PREPROCESSOR_DEFINITIONS = (
					"DEBUG=1",
					"$(inherited)",
				);
				INFOPLIST_FILE = RibbitTests/Info.plist;
				LD_RUNPATH_SEARCH_PATHS = "$(inherited) @executable_path/Frameworks @loader_path/Frameworks";
				PRODUCT_NAME = "$(TARGET_NAME)";
				TEST_HOST = "$(BUILT_PRODUCTS_DIR)/Ribbit.app/Ribbit";
			};
			name = Debug;
		};
		FA6961131ACDFE6900BC7D6D /* Release */ = {
			isa = XCBuildConfiguration;
			buildSettings = {
				BUNDLE_LOADER = "$(TEST_HOST)";
				FRAMEWORK_SEARCH_PATHS = (
					"$(SDKROOT)/Developer/Library/Frameworks",
					"$(inherited)",
				);
				INFOPLIST_FILE = RibbitTests/Info.plist;
				LD_RUNPATH_SEARCH_PATHS = "$(inherited) @executable_path/Frameworks @loader_path/Frameworks";
				PRODUCT_NAME = "$(TARGET_NAME)";
				TEST_HOST = "$(BUILT_PRODUCTS_DIR)/Ribbit.app/Ribbit";
			};
			name = Release;
		};
/* End XCBuildConfiguration section */

/* Begin XCConfigurationList section */
		FA6960E61ACDFE6900BC7D6D /* Build configuration list for PBXProject "Ribbit" */ = {
			isa = XCConfigurationList;
			buildConfigurations = (
				FA69610C1ACDFE6900BC7D6D /* Debug */,
				FA69610D1ACDFE6900BC7D6D /* Release */,
			);
			defaultConfigurationIsVisible = 0;
			defaultConfigurationName = Release;
		};
		FA69610E1ACDFE6900BC7D6D /* Build configuration list for PBXNativeTarget "Ribbit" */ = {
			isa = XCConfigurationList;
			buildConfigurations = (
				FA69610F1ACDFE6900BC7D6D /* Debug */,
				FA6961101ACDFE6900BC7D6D /* Release */,
			);
			defaultConfigurationIsVisible = 0;
			defaultConfigurationName = Release;
		};
		FA6961111ACDFE6900BC7D6D /* Build configuration list for PBXNativeTarget "RibbitTests" */ = {
			isa = XCConfigurationList;
			buildConfigurations = (
				FA6961121ACDFE6900BC7D6D /* Debug */,
				FA6961131ACDFE6900BC7D6D /* Release */,
			);
			defaultConfigurationIsVisible = 0;
			defaultConfigurationName = Release;
		};
/* End XCConfigurationList section */
	};
	rootObject = FA6960E31ACDFE6900BC7D6D /* Project object */;
}
